
Microsoft Visual Studio Solution File, Format Version 12.00
# Visual Studio Version 17
VisualStudioVersion = 17.13.35825.156 d17.13
MinimumVisualStudioVersion = 10.0.40219.1
Project("{FAE04EC0-301F-11D3-BF4B-00C04F79EFBC}") = "ASPNETWebAppMVCStudentApp", "ASPNETWebAppMVCStudentApp\ASPNETWebAppMVCStudentApp.csproj", "{BB4EBAA3-762B-4E7A-B2F8-F795CD376A65}"
EndProject
Global
	GlobalSection(SolutionConfigurationPlatforms) = preSolution
		Debug|Any CPU = Debug|Any CPU
		Release|Any CPU = Release|Any CPU
	EndGlobalSection
	GlobalSection(ProjectConfigurationPlatforms) = postSolution
		{BB4EBAA3-762B-4E7A-B2F8-F795CD376A65}.Debug|Any CPU.ActiveCfg = Debug|Any CPU
		{BB4EBAA3-762B-4E7A-B2F8-F795CD376A65}.Debug|Any CPU.Build.0 = Debug|Any CPU
		{BB4EBAA3-762B-4E7A-B2F8-F795CD376A65}.Release|Any CPU.ActiveCfg = Release|Any CPU
		{BB4EBAA3-762B-4E7A-B2F8-F795CD376A65}.Release|Any CPU.Build.0 = Release|Any CPU
	EndGlobalSection
	GlobalSection(SolutionProperties) = preSolution
		HideSolutionNode = FALSE
	EndGlobalSection
	GlobalSection(ExtensibilityGlobals) = postSolution
		SolutionGuid = {E7F29F88-F5A9-4BB7-B7A0-1F211760CD57}
	EndGlobalSection
EndGlobal
